
Microsoft Visual Studio Solution File, Format Version 12.00
# Visual Studio Version 17
VisualStudioVersion = 17.12.35707.178
MinimumVisualStudioVersion = 10.0.40219.1
Project("{FAE04EC0-301F-11D3-BF4B-00C04F79EFBC}") = "TaskBarShortcuts", "TaskBarShortcuts\TaskBarShortcuts.csproj", "{B4273BBA-DFAC-4F7F-9B85-290C585A2FE2}"
EndProject
Project("{FAE04EC0-301F-11D3-BF4B-00C04F79EFBC}") = "ConverterStepByStep", "ConverterStepByStep\ConverterStepByStep.csproj", "{8B54A9B8-761D-4E9B-9261-54F8563284B3}"
EndProject
Project("{FAE04EC0-301F-11D3-BF4B-00C04F79EFBC}") = "XmlReader", "XmlReader\XmlReader.csproj", "{09AB53C6-A519-4E14-A254-A6806C35595E}"
EndProject
Project("{FAE04EC0-301F-11D3-BF4B-00C04F79EFBC}") = "ImageBrowser", "ImageBrowser\ImageBrowser.csproj", "{82CA1490-B5B0-4C93-83E4-85EAE4CB52D1}"
EndProject
Project("{FAE04EC0-301F-11D3-BF4B-00C04F79EFBC}") = "CalculateChecksum", "CalculateChecksum\CalculateChecksum.csproj", "{132C589C-1A20-49C8-9D3E-D62581114FC5}"
EndProject
Project("{FAE04EC0-301F-11D3-BF4B-00C04F79EFBC}") = "WeatherApp", "WeatherApp\WeatherApp.csproj", "{9AC85386-B1A3-453F-95F0-ACC97F12324E}"
EndProject
Project("{FAE04EC0-301F-11D3-BF4B-00C04F79EFBC}") = "ShutdownPC", "ShutdownPc\ShutdownPC.csproj", "{60CEB52E-29D8-492C-86AB-EC1A2D4A5981}"
EndProject
Project("{FAE04EC0-301F-11D3-BF4B-00C04F79EFBC}") = "EncryptionManager", "EncryptionManager\EncryptionManager.csproj", "{3BD3D5E3-3D4D-48E4-BEC1-FF0AA35804A7}"
EndProject
Project("{FAE04EC0-301F-11D3-BF4B-00C04F79EFBC}") = "FileNameChange", "FileNameChange\FileNameChange.csproj", "{5374CD58-738B-4BDB-813F-613FAF38549B}"
EndProject
Project("{FAE04EC0-301F-11D3-BF4B-00C04F79EFBC}") = "BenchmarkForForeach", "BenchmarkForForeach\BenchmarkForForeach.csproj", "{2AB91380-F0CE-E808-2586-96972C03B495}"
EndProject
Project("{FAE04EC0-301F-11D3-BF4B-00C04F79EFBC}") = "MyKeyLogger", "MyKeyLogger\MyKeyLogger.csproj", "{57E8668B-1006-0654-B577-C0043CC8E3C9}"
EndProject
Global
	GlobalSection(SolutionConfigurationPlatforms) = preSolution
		Debug|Any CPU = Debug|Any CPU
		Release|Any CPU = Release|Any CPU
	EndGlobalSection
	GlobalSection(ProjectConfigurationPlatforms) = postSolution
		{B4273BBA-DFAC-4F7F-9B85-290C585A2FE2}.Debug|Any CPU.ActiveCfg = Debug|Any CPU
		{B4273BBA-DFAC-4F7F-9B85-290C585A2FE2}.Debug|Any CPU.Build.0 = Debug|Any CPU
		{B4273BBA-DFAC-4F7F-9B85-290C585A2FE2}.Release|Any CPU.ActiveCfg = Release|Any CPU
		{B4273BBA-DFAC-4F7F-9B85-290C585A2FE2}.Release|Any CPU.Build.0 = Release|Any CPU
		{8B54A9B8-761D-4E9B-9261-54F8563284B3}.Debug|Any CPU.ActiveCfg = Debug|Any CPU
		{8B54A9B8-761D-4E9B-9261-54F8563284B3}.Debug|Any CPU.Build.0 = Debug|Any CPU
		{8B54A9B8-761D-4E9B-9261-54F8563284B3}.Release|Any CPU.ActiveCfg = Release|Any CPU
		{8B54A9B8-761D-4E9B-9261-54F8563284B3}.Release|Any CPU.Build.0 = Release|Any CPU
		{09AB53C6-A519-4E14-A254-A6806C35595E}.Debug|Any CPU.ActiveCfg = Debug|Any CPU
		{09AB53C6-A519-4E14-A254-A6806C35595E}.Debug|Any CPU.Build.0 = Debug|Any CPU
		{09AB53C6-A519-4E14-A254-A6806C35595E}.Release|Any CPU.ActiveCfg = Release|Any CPU
		{09AB53C6-A519-4E14-A254-A6806C35595E}.Release|Any CPU.Build.0 = Release|Any CPU
		{82CA1490-B5B0-4C93-83E4-85EAE4CB52D1}.Debug|Any CPU.ActiveCfg = Debug|Any CPU
		{82CA1490-B5B0-4C93-83E4-85EAE4CB52D1}.Debug|Any CPU.Build.0 = Debug|Any CPU
		{82CA1490-B5B0-4C93-83E4-85EAE4CB52D1}.Release|Any CPU.ActiveCfg = Release|Any CPU
		{82CA1490-B5B0-4C93-83E4-85EAE4CB52D1}.Release|Any CPU.Build.0 = Release|Any CPU
		{132C589C-1A20-49C8-9D3E-D62581114FC5}.Debug|Any CPU.ActiveCfg = Debug|Any CPU
		{132C589C-1A20-49C8-9D3E-D62581114FC5}.Debug|Any CPU.Build.0 = Debug|Any CPU
		{132C589C-1A20-49C8-9D3E-D62581114FC5}.Release|Any CPU.ActiveCfg = Release|Any CPU
		{132C589C-1A20-49C8-9D3E-D62581114FC5}.Release|Any CPU.Build.0 = Release|Any CPU
		{9AC85386-B1A3-453F-95F0-ACC97F12324E}.Debug|Any CPU.ActiveCfg = Debug|Any CPU
		{9AC85386-B1A3-453F-95F0-ACC97F12324E}.Debug|Any CPU.Build.0 = Debug|Any CPU
		{9AC85386-B1A3-453F-95F0-ACC97F12324E}.Release|Any CPU.ActiveCfg = Release|Any CPU
		{9AC85386-B1A3-453F-95F0-ACC97F12324E}.Release|Any CPU.Build.0 = Release|Any CPU
		{60CEB52E-29D8-492C-86AB-EC1A2D4A5981}.Debug|Any CPU.ActiveCfg = Debug|Any CPU
		{60CEB52E-29D8-492C-86AB-EC1A2D4A5981}.Debug|Any CPU.Build.0 = Debug|Any CPU
		{60CEB52E-29D8-492C-86AB-EC1A2D4A5981}.Release|Any CPU.ActiveCfg = Release|Any CPU
		{60CEB52E-29D8-492C-86AB-EC1A2D4A5981}.Release|Any CPU.Build.0 = Release|Any CPU
		{3BD3D5E3-3D4D-48E4-BEC1-FF0AA35804A7}.Debug|Any CPU.ActiveCfg = Debug|Any CPU
		{3BD3D5E3-3D4D-48E4-BEC1-FF0AA35804A7}.Debug|Any CPU.Build.0 = Debug|Any CPU
		{3BD3D5E3-3D4D-48E4-BEC1-FF0AA35804A7}.Release|Any CPU.ActiveCfg = Release|Any CPU
		{3BD3D5E3-3D4D-48E4-BEC1-FF0AA35804A7}.Release|Any CPU.Build.0 = Release|Any CPU
		{5374CD58-738B-4BDB-813F-613FAF38549B}.Debug|Any CPU.ActiveCfg = Debug|Any CPU
		{5374CD58-738B-4BDB-813F-613FAF38549B}.Debug|Any CPU.Build.0 = Debug|Any CPU
		{5374CD58-738B-4BDB-813F-613FAF38549B}.Release|Any CPU.ActiveCfg = Release|Any CPU
		{5374CD58-738B-4BDB-813F-613FAF38549B}.Release|Any CPU.Build.0 = Release|Any CPU
		{2AB91380-F0CE-E808-2586-96972C03B495}.Debug|Any CPU.ActiveCfg = Debug|Any CPU
		{2AB91380-F0CE-E808-2586-96972C03B495}.Debug|Any CPU.Build.0 = Debug|Any CPU
		{2AB91380-F0CE-E808-2586-96972C03B495}.Release|Any CPU.ActiveCfg = Release|Any CPU
		{2AB91380-F0CE-E808-2586-96972C03B495}.Release|Any CPU.Build.0 = Release|Any CPU
		{57E8668B-1006-0654-B577-C0043CC8E3C9}.Debug|Any CPU.ActiveCfg = Debug|Any CPU
		{57E8668B-1006-0654-B577-C0043CC8E3C9}.Debug|Any CPU.Build.0 = Debug|Any CPU
		{57E8668B-1006-0654-B577-C0043CC8E3C9}.Release|Any CPU.ActiveCfg = Release|Any CPU
		{57E8668B-1006-0654-B577-C0043CC8E3C9}.Release|Any CPU.Build.0 = Release|Any CPU
	EndGlobalSection
	GlobalSection(SolutionProperties) = preSolution
		HideSolutionNode = FALSE
	EndGlobalSection
	GlobalSection(ExtensibilityGlobals) = postSolution
		SolutionGuid = {725C448C-7A6F-4FB4-8AD3-F39EA8DFCCF3}
	EndGlobalSection
EndGlobal
